
Microsoft Visual Studio Solution File, Format Version 12.00
# Visual Studio Version 17
VisualStudioVersion = 17.3.32922.545
MinimumVisualStudioVersion = 10.0.40219.1
Project("{9A19103F-16F7-4668-BE54-9A1E7A4F7556}") = "BattleShip", "BattleShip.csproj", "{7DACF169-B139-403B-A192-8CD514417FAB}"
EndProject
Global
	GlobalSection(SolutionConfigurationPlatforms) = preSolution
		Debug|Any CPU = Debug|Any CPU
		Release|Any CPU = Release|Any CPU
	EndGlobalSection
	GlobalSection(ProjectConfigurationPlatforms) = postSolution
		{7DACF169-B139-403B-A192-8CD514417FAB}.Debug|Any CPU.ActiveCfg = Debug|Any CPU
		{7DACF169-B139-403B-A192-8CD514417FAB}.Debug|Any CPU.Build.0 = Debug|Any CPU
		{7DACF169-B139-403B-A192-8CD514417FAB}.Release|Any CPU.ActiveCfg = Release|Any CPU
		{7DACF169-B139-403B-A192-8CD514417FAB}.Release|Any CPU.Build.0 = Release|Any CPU
	EndGlobalSection
	GlobalSection(SolutionProperties) = preSolution
		HideSolutionNode = FALSE
	EndGlobalSection
	GlobalSection(ExtensibilityGlobals) = postSolution
		SolutionGuid = {6D02D349-2B18-4F5E-B283-D59D02B0B4C4}
	EndGlobalSection
EndGlobal
